
Microsoft Visual Studio Solution File, Format Version 12.00
# Visual Studio Version 16
VisualStudioVersion = 16.0.29728.190
MinimumVisualStudioVersion = 10.0.40219.1
Project("{9A19103F-16F7-4668-BE54-9A1E7A4F7556}") = "HitBTC.Net", "HitBTC.Net\HitBTC.Net.csproj", "{56C8AF71-6503-4B14-A2C3-FF35E4F2EA0E}"
EndProject
Project("{FAE04EC0-301F-11D3-BF4B-00C04F79EFBC}") = "HitBTC_Triangulation", "HitBTC_Triangulation\HitBTC_Triangulation.csproj", "{00CCADBC-3094-4850-897F-A0840CAA8E0C}"
EndProject
Global
	GlobalSection(SolutionConfigurationPlatforms) = preSolution
		Debug|Any CPU = Debug|Any CPU
		Release|Any CPU = Release|Any CPU
	EndGlobalSection
	GlobalSection(ProjectConfigurationPlatforms) = postSolution
		{56C8AF71-6503-4B14-A2C3-FF35E4F2EA0E}.Debug|Any CPU.ActiveCfg = Debug|Any CPU
		{56C8AF71-6503-4B14-A2C3-FF35E4F2EA0E}.Debug|Any CPU.Build.0 = Debug|Any CPU
		{56C8AF71-6503-4B14-A2C3-FF35E4F2EA0E}.Release|Any CPU.ActiveCfg = Release|Any CPU
		{56C8AF71-6503-4B14-A2C3-FF35E4F2EA0E}.Release|Any CPU.Build.0 = Release|Any CPU
		{00CCADBC-3094-4850-897F-A0840CAA8E0C}.Debug|Any CPU.ActiveCfg = Debug|Any CPU
		{00CCADBC-3094-4850-897F-A0840CAA8E0C}.Debug|Any CPU.Build.0 = Debug|Any CPU
		{00CCADBC-3094-4850-897F-A0840CAA8E0C}.Release|Any CPU.ActiveCfg = Release|Any CPU
		{00CCADBC-3094-4850-897F-A0840CAA8E0C}.Release|Any CPU.Build.0 = Release|Any CPU
	EndGlobalSection
	GlobalSection(SolutionProperties) = preSolution
		HideSolutionNode = FALSE
	EndGlobalSection
	GlobalSection(ExtensibilityGlobals) = postSolution
		SolutionGuid = {BE384CE5-2C40-49CB-AE2B-0C22DAC73651}
	EndGlobalSection
EndGlobal
